
Microsoft Visual Studio Solution File, Format Version 12.00
# Visual Studio 15
VisualStudioVersion = 15.0.28010.2003
MinimumVisualStudioVersion = 10.0.40219.1
Project("{FAE04EC0-301F-11D3-BF4B-00C04F79EFBC}") = "YouTubeDL-UI", "YouTubeDL-UI\YouTubeDL-UI.csproj", "{580F7FF8-D0F2-4A02-8056-CA347622E504}"
EndProject
Project("{FAE04EC0-301F-11D3-BF4B-00C04F79EFBC}") = "CommandsTests", "CommandsTests\CommandsTests.csproj", "{2BDB1958-F6B8-4E51-B1E1-57AB56BE7AC3}"
EndProject
Global
	GlobalSection(SolutionConfigurationPlatforms) = preSolution
		Debug|Any CPU = Debug|Any CPU
		Release|Any CPU = Release|Any CPU
	EndGlobalSection
	GlobalSection(ProjectConfigurationPlatforms) = postSolution
		{580F7FF8-D0F2-4A02-8056-CA347622E504}.Debug|Any CPU.ActiveCfg = Debug|Any CPU
		{580F7FF8-D0F2-4A02-8056-CA347622E504}.Debug|Any CPU.Build.0 = Debug|Any CPU
		{580F7FF8-D0F2-4A02-8056-CA347622E504}.Release|Any CPU.ActiveCfg = Release|Any CPU
		{580F7FF8-D0F2-4A02-8056-CA347622E504}.Release|Any CPU.Build.0 = Release|Any CPU
		{2BDB1958-F6B8-4E51-B1E1-57AB56BE7AC3}.Debug|Any CPU.ActiveCfg = Debug|Any CPU
		{2BDB1958-F6B8-4E51-B1E1-57AB56BE7AC3}.Debug|Any CPU.Build.0 = Debug|Any CPU
		{2BDB1958-F6B8-4E51-B1E1-57AB56BE7AC3}.Release|Any CPU.ActiveCfg = Release|Any CPU
		{2BDB1958-F6B8-4E51-B1E1-57AB56BE7AC3}.Release|Any CPU.Build.0 = Release|Any CPU
	EndGlobalSection
	GlobalSection(SolutionProperties) = preSolution
		HideSolutionNode = FALSE
	EndGlobalSection
	GlobalSection(ExtensibilityGlobals) = postSolution
		SolutionGuid = {A0EC0C25-231F-403F-AD49-62378E5AA7C7}
	EndGlobalSection
EndGlobal
